
Microsoft Visual Studio Solution File, Format Version 12.00
Project("{FAE04EC0-301F-11D3-BF4B-00C04F79EFBC}") = "ViewModelBindingGenerator", "ViewModelBindingGenerator\ViewModelBindingGenerator.csproj", "{1BE94119-08E9-40E5-B3D9-D5DB9D4A32ED}"
EndProject
Project("{FAE04EC0-301F-11D3-BF4B-00C04F79EFBC}") = "Tests", "Tests\Tests.csproj", "{3624FE6B-6863-4BC8-88AF-CEE8CFB7B405}"
EndProject
Global
	GlobalSection(SolutionConfigurationPlatforms) = preSolution
		Debug|Any CPU = Debug|Any CPU
		Release|Any CPU = Release|Any CPU
	EndGlobalSection
	GlobalSection(ProjectConfigurationPlatforms) = postSolution
		{1BE94119-08E9-40E5-B3D9-D5DB9D4A32ED}.Debug|Any CPU.ActiveCfg = Debug|Any CPU
		{1BE94119-08E9-40E5-B3D9-D5DB9D4A32ED}.Debug|Any CPU.Build.0 = Debug|Any CPU
		{1BE94119-08E9-40E5-B3D9-D5DB9D4A32ED}.Release|Any CPU.ActiveCfg = Release|Any CPU
		{1BE94119-08E9-40E5-B3D9-D5DB9D4A32ED}.Release|Any CPU.Build.0 = Release|Any CPU
		{3624FE6B-6863-4BC8-88AF-CEE8CFB7B405}.Debug|Any CPU.ActiveCfg = Debug|Any CPU
		{3624FE6B-6863-4BC8-88AF-CEE8CFB7B405}.Debug|Any CPU.Build.0 = Debug|Any CPU
		{3624FE6B-6863-4BC8-88AF-CEE8CFB7B405}.Release|Any CPU.ActiveCfg = Release|Any CPU
		{3624FE6B-6863-4BC8-88AF-CEE8CFB7B405}.Release|Any CPU.Build.0 = Release|Any CPU
	EndGlobalSection
EndGlobal
